// !$*UTF8*$!
{
	archiveVersion = 1;
	classes = {
	};
	objectVersion = 50;
	objects = {

/* Begin PBXBuildFile section */
		10BB42C1209E51BC005CA688 /* AppDelegate.swift in Sources */ = {isa = PBXBuildFile; fileRef = 10BB42C0209E51BC005CA688 /* AppDelegate.swift */; };
		10BB42C3209E51BC005CA688 /* ViewController.swift in Sources */ = {isa = PBXBuildFile; fileRef = 10BB42C2209E51BC005CA688 /* ViewController.swift */; };
		10BB42C6209E51BC005CA688 /* Main.storyboard in Resources */ = {isa = PBXBuildFile; fileRef = 10BB42C4209E51BC005CA688 /* Main.storyboard */; };
		10BB42C8209E51BE005CA688 /* Assets.xcassets in Resources */ = {isa = PBXBuildFile; fileRef = 10BB42C7209E51BE005CA688 /* Assets.xcassets */; };
		10BB42CB209E51BE005CA688 /* LaunchScreen.storyboard in Resources */ = {isa = PBXBuildFile; fileRef = 10BB42C9209E51BE005CA688 /* LaunchScreen.storyboard */; };
		10BB42D6209E51BE005CA688 /* FlickrAppTests.swift in Sources */ = {isa = PBXBuildFile; fileRef = 10BB42D5209E51BE005CA688 /* FlickrAppTests.swift */; };
		10BB42E1209E51BE005CA688 /* FlickrAppUITests.swift in Sources */ = {isa = PBXBuildFile; fileRef = 10BB42E0209E51BE005CA688 /* FlickrAppUITests.swift */; };
/* End PBXBuildFile section */

/* Begin PBXContainerItemProxy section */
		10BB42D2209E51BE005CA688 /* PBXContainerItemProxy */ = {
			isa = PBXContainerItemProxy;
			containerPortal = 10BB42B5209E51BC005CA688 /* Project object */;
			proxyType = 1;
			remoteGlobalIDString = 10BB42BC209E51BC005CA688;
			remoteInfo = FlickrApp;
		};
		10BB42DD209E51BE005CA688 /* PBXContainerItemProxy */ = {
			isa = PBXContainerItemProxy;
			containerPortal = 10BB42B5209E51BC005CA688 /* Project object */;
			proxyType = 1;
			remoteGlobalIDString = 10BB42BC209E51BC005CA688;
			remoteInfo = FlickrApp;
		};
/* End PBXContainerItemProxy section */

/* Begin PBXFileReference section */
		10BB42BD209E51BC005CA688 /* FlickrApp.app */ = {isa = PBXFileReference; explicitFileType = wrapper.application; includeInIndex = 0; path = FlickrApp.app; sourceTree = BUILT_PRODUCTS_DIR; };
		10BB42C0209E51BC005CA688 /* AppDelegate.swift */ = {isa = PBXFileReference; lastKnownFileType = sourcecode.swift; path = AppDelegate.swift; sourceTree = "<group>"; };
		10BB42C2209E51BC005CA688 /* ViewController.swift */ = {isa = PBXFileReference; lastKnownFileType = sourcecode.swift; path = ViewController.swift; sourceTree = "<group>"; };
		10BB42C5209E51BC005CA688 /* Base */ = {isa = PBXFileReference; lastKnownFileType = file.storyboard; name = Base; path = Base.lproj/Main.storyboard; sourceTree = "<group>"; };
		10BB42C7209E51BE005CA688 /* Assets.xcassets */ = {isa = PBXFileReference; lastKnownFileType = folder.assetcatalog; path = Assets.xcassets; sourceTree = "<group>"; };
		10BB42CA209E51BE005CA688 /* Base */ = {isa = PBXFileReference; lastKnownFileType = file.storyboard; name = Base; path = Base.lproj/LaunchScreen.storyboard; sourceTree = "<group>"; };
		10BB42CC209E51BE005CA688 /* Info.plist */ = {isa = PBXFileReference; lastKnownFileType = text.plist.xml; path = Info.plist; sourceTree = "<group>"; };
		10BB42D1209E51BE005CA688 /* FlickrAppTests.xctest */ = {isa = PBXFileReference; explicitFileType = wrapper.cfbundle; includeInIndex = 0; path = FlickrAppTests.xctest; sourceTree = BUILT_PRODUCTS_DIR; };
		10BB42D5209E51BE005CA688 /* FlickrAppTests.swift */ = {isa = PBXFileReference; lastKnownFileType = sourcecode.swift; path = FlickrAppTests.swift; sourceTree = "<group>"; };
		10BB42D7209E51BE005CA688 /* Info.plist */ = {isa = PBXFileReference; lastKnownFileType = text.plist.xml; path = Info.plist; sourceTree = "<group>"; };
		10BB42DC209E51BE005CA688 /* FlickrAppUITests.xctest */ = {isa = PBXFileReference; explicitFileType = wrapper.cfbundle; includeInIndex = 0; path = FlickrAppUITests.xctest; sourceTree = BUILT_PRODUCTS_DIR; };
		10BB42E0209E51BE005CA688 /* FlickrAppUITests.swift */ = {isa = PBXFileReference; lastKnownFileType = sourcecode.swift; path = FlickrAppUITests.swift; sourceTree = "<group>"; };
		10BB42E2209E51BE005CA688 /* Info.plist */ = {isa = PBXFileReference; lastKnownFileType = text.plist.xml; path = Info.plist; sourceTree = "<group>"; };
/* End PBXFileReference section */

/* Begin PBXFrameworksBuildPhase section */
		10BB42BA209E51BC005CA688 /* Frameworks */ = {
			isa = PBXFrameworksBuildPhase;
			buildActionMask = 2147483647;
			files = (
			);
			runOnlyForDeploymentPostprocessing = 0;
		};
		10BB42CE209E51BE005CA688 /* Frameworks */ = {
			isa = PBXFrameworksBuildPhase;
			buildActionMask = 2147483647;
			files = (
			);
			runOnlyForDeploymentPostprocessing = 0;
		};
		10BB42D9209E51BE005CA688 /* Frameworks */ = {
			isa = PBXFrameworksBuildPhase;
			buildActionMask = 2147483647;
			files = (
			);
			runOnlyForDeploymentPostprocessing = 0;
		};
/* End PBXFrameworksBuildPhase section */

/* Begin PBXGroup section */
		10BB42B4209E51BC005CA688 = {
			isa = PBXGroup;
			children = (
				10BB42BF209E51BC005CA688 /* FlickrApp */,
				10BB42D4209E51BE005CA688 /* FlickrAppTests */,
				10BB42DF209E51BE005CA688 /* FlickrAppUITests */,
				10BB42BE209E51BC005CA688 /* Products */,
			);
			sourceTree = "<group>";
		};
		10BB42BE209E51BC005CA688 /* Products */ = {
			isa = PBXGroup;
			children = (
				10BB42BD209E51BC005CA688 /* FlickrApp.app */,
				10BB42D1209E51BE005CA688 /* FlickrAppTests.xctest */,
				10BB42DC209E51BE005CA688 /* FlickrAppUITests.xctest */,
			);
			name = Products;
			sourceTree = "<group>";
		};
		10BB42BF209E51BC005CA688 /* FlickrApp */ = {
			isa = PBXGroup;
			children = (
				10BB42C0209E51BC005CA688 /* AppDelegate.swift */,
				10BB42C2209E51BC005CA688 /* ViewController.swift */,
				10BB42C4209E51BC005CA688 /* Main.storyboard */,
				10BB42C7209E51BE005CA688 /* Assets.xcassets */,
				10BB42C9209E51BE005CA688 /* LaunchScreen.storyboard */,
				10BB42CC209E51BE005CA688 /* Info.plist */,
			);
			path = FlickrApp;
			sourceTree = "<group>";
		};
		10BB42D4209E51BE005CA688 /* FlickrAppTests */ = {
			isa = PBXGroup;
			children = (
				10BB42D5209E51BE005CA688 /* FlickrAppTests.swift */,
				10BB42D7209E51BE005CA688 /* Info.plist */,
			);
			path = FlickrAppTests;
			sourceTree = "<group>";
		};
		10BB42DF209E51BE005CA688 /* FlickrAppUITests */ = {
			isa = PBXGroup;
			children = (
				10BB42E0209E51BE005CA688 /* FlickrAppUITests.swift */,
				10BB42E2209E51BE005CA688 /* Info.plist */,
			);
			path = FlickrAppUITests;
			sourceTree = "<group>";
		};
/* End PBXGroup section */

/* Begin PBXNativeTarget section */
		10BB42BC209E51BC005CA688 /* FlickrApp */ = {
			isa = PBXNativeTarget;
			buildConfigurationList = 10BB42E5209E51BE005CA688 /* Build configuration list for PBXNativeTarget "FlickrApp" */;
			buildPhases = (
				10BB42B9209E51BC005CA688 /* Sources */,
				10BB42BA209E51BC005CA688 /* Frameworks */,
				10BB42BB209E51BC005CA688 /* Resources */,
			);
			buildRules = (
			);
			dependencies = (
			);
			name = FlickrApp;
			productName = FlickrApp;
			productReference = 10BB42BD209E51BC005CA688 /* FlickrApp.app */;
			productType = "com.apple.product-type.application";
		};
		10BB42D0209E51BE005CA688 /* FlickrAppTests */ = {
			isa = PBXNativeTarget;
			buildConfigurationList = 10BB42E8209E51BE005CA688 /* Build configuration list for PBXNativeTarget "FlickrAppTests" */;
			buildPhases = (
				10BB42CD209E51BE005CA688 /* Sources */,
				10BB42CE209E51BE005CA688 /* Frameworks */,
				10BB42CF209E51BE005CA688 /* Resources */,
			);
			buildRules = (
			);
			dependencies = (
				10BB42D3209E51BE005CA688 /* PBXTargetDependency */,
			);
			name = FlickrAppTests;
			productName = FlickrAppTests;
			productReference = 10BB42D1209E51BE005CA688 /* FlickrAppTests.xctest */;
			productType = "com.apple.product-type.bundle.unit-test";
		};
		10BB42DB209E51BE005CA688 /* FlickrAppUITests */ = {
			isa = PBXNativeTarget;
			buildConfigurationList = 10BB42EB209E51BE005CA688 /* Build configuration list for PBXNativeTarget "FlickrAppUITests" */;
			buildPhases = (
				10BB42D8209E51BE005CA688 /* Sources */,
				10BB42D9209E51BE005CA688 /* Frameworks */,
				10BB42DA209E51BE005CA688 /* Resources */,
			);
			buildRules = (
			);
			dependencies = (
				10BB42DE209E51BE005CA688 /* PBXTargetDependency */,
			);
			name = FlickrAppUITests;
			productName = FlickrAppUITests;
			productReference = 10BB42DC209E51BE005CA688 /* FlickrAppUITests.xctest */;
			productType = "com.apple.product-type.bundle.ui-testing";
		};
/* End PBXNativeTarget section */

/* Begin PBXProject section */
		10BB42B5209E51BC005CA688 /* Project object */ = {
			isa = PBXProject;
			attributes = {
				LastSwiftUpdateCheck = 0930;
				LastUpgradeCheck = 0930;
				ORGANIZATIONNAME = "David Vallas";
				TargetAttributes = {
					10BB42BC209E51BC005CA688 = {
						CreatedOnToolsVersion = 9.3;
					};
					10BB42D0209E51BE005CA688 = {
						CreatedOnToolsVersion = 9.3;
						TestTargetID = 10BB42BC209E51BC005CA688;
					};
					10BB42DB209E51BE005CA688 = {
						CreatedOnToolsVersion = 9.3;
						TestTargetID = 10BB42BC209E51BC005CA688;
					};
				};
			};
			buildConfigurationList = 10BB42B8209E51BC005CA688 /* Build configuration list for PBXProject "FlickrApp" */;
			compatibilityVersion = "Xcode 9.3";
			developmentRegion = en;
			hasScannedForEncodings = 0;
			knownRegions = (
				en,
				Base,
			);
			mainGroup = 10BB42B4209E51BC005CA688;
			productRefGroup = 10BB42BE209E51BC005CA688 /* Products */;
			projectDirPath = "";
			projectRoot = "";
			targets = (
				10BB42BC209E51BC005CA688 /* FlickrApp */,
				10BB42D0209E51BE005CA688 /* FlickrAppTests */,
				10BB42DB209E51BE005CA688 /* FlickrAppUITests */,
			);
		};
/* End PBXProject section */

/* Begin PBXResourcesBuildPhase section */
		10BB42BB209E51BC005CA688 /* Resources */ = {
			isa = PBXResourcesBuildPhase;
			buildActionMask = 2147483647;
			files = (
				10BB42CB209E51BE005CA688 /* LaunchScreen.storyboard in Resources */,
				10BB42C8209E51BE005CA688 /* Assets.xcassets in Resources */,
				10BB42C6209E51BC005CA688 /* Main.storyboard in Resources */,
			);
			runOnlyForDeploymentPostprocessing = 0;
		};
		10BB42CF209E51BE005CA688 /* Resources */ = {
			isa = PBXResourcesBuildPhase;
			buildActionMask = 2147483647;
			files = (
			);
			runOnlyForDeploymentPostprocessing = 0;
		};
		10BB42DA209E51BE005CA688 /* Resources */ = {
			isa = PBXResourcesBuildPhase;
			buildActionMask = 2147483647;
			files = (
			);
			runOnlyForDeploymentPostprocessing = 0;
		};
/* End PBXResourcesBuildPhase section */

/* Begin PBXSourcesBuildPhase section */
		10BB42B9209E51BC005CA688 /* Sources */ = {
			isa = PBXSourcesBuildPhase;
			buildActionMask = 2147483647;
			files = (
				10BB42C3209E51BC005CA688 /* ViewController.swift in Sources */,
				10BB42C1209E51BC005CA688 /* AppDelegate.swift in Sources */,
			);
			runOnlyForDeploymentPostprocessing = 0;
		};
		10BB42CD209E51BE005CA688 /* Sources */ = {
			isa = PBXSourcesBuildPhase;
			buildActionMask = 2147483647;
			files = (
				10BB42D6209E51BE005CA688 /* FlickrAppTests.swift in Sources */,
			);
			runOnlyForDeploymentPostprocessing = 0;
		};
		10BB42D8209E51BE005CA688 /* Sources */ = {
			isa = PBXSourcesBuildPhase;
			buildActionMask = 2147483647;
			files = (
				10BB42E1209E51BE005CA688 /* FlickrAppUITests.swift in Sources */,
			);
			runOnlyForDeploymentPostprocessing = 0;
		};
/* End PBXSourcesBuildPhase section */

/* Begin PBXTargetDependency section */
		10BB42D3209E51BE005CA688 /* PBXTargetDependency */ = {
			isa = PBXTargetDependency;
			target = 10BB42BC209E51BC005CA688 /* FlickrApp */;
			targetProxy = 10BB42D2209E51BE005CA688 /* PBXContainerItemProxy */;
		};
		10BB42DE209E51BE005CA688 /* PBXTargetDependency */ = {
			isa = PBXTargetDependency;
			target = 10BB42BC209E51BC005CA688 /* FlickrApp */;
			targetProxy = 10BB42DD209E51BE005CA688 /* PBXContainerItemProxy */;
		};
/* End PBXTargetDependency section */

/* Begin PBXVariantGroup section */
		10BB42C4209E51BC005CA688 /* Main.storyboard */ = {
			isa = PBXVariantGroup;
			children = (
				10BB42C5209E51BC005CA688 /* Base */,
			);
			name = Main.storyboard;
			sourceTree = "<group>";
		};
		10BB42C9209E51BE005CA688 /* LaunchScreen.storyboard */ = {
			isa = PBXVariantGroup;
			children = (
				10BB42CA209E51BE005CA688 /* Base */,
			);
			name = LaunchScreen.storyboard;
			sourceTree = "<group>";
		};
/* End PBXVariantGroup section */

/* Begin XCBuildConfiguration section */
		10BB42E3209E51BE005CA688 /* Debug */ = {
			isa = XCBuildConfiguration;
			buildSettings = {
				ALWAYS_SEARCH_USER_PATHS = NO;
				CLANG_ANALYZER_NONNULL = YES;
				CLANG_ANALYZER_NUMBER_OBJECT_CONVERSION = YES_AGGRESSIVE;
				CLANG_CXX_LANGUAGE_STANDARD = "gnu++14";
				CLANG_CXX_LIBRARY = "libc++";
				CLANG_ENABLE_MODULES = YES;
				CLANG_ENABLE_OBJC_ARC = YES;
				CLANG_ENABLE_OBJC_WEAK = YES;
				CLANG_WARN_BLOCK_CAPTURE_AUTORELEASING = YES;
				CLANG_WARN_BOOL_CONVERSION = YES;
				CLANG_WARN_COMMA = YES;
				CLANG_WARN_CONSTANT_CONVERSION = YES;
				CLANG_WARN_DEPRECATED_OBJC_IMPLEMENTATIONS = YES;
				CLANG_WARN_DIRECT_OBJC_ISA_USAGE = YES_ERROR;
				CLANG_WARN_DOCUMENTATION_COMMENTS = YES;
				CLANG_WARN_EMPTY_BODY = YES;
				CLANG_WARN_ENUM_CONVERSION = YES;
				CLANG_WARN_INFINITE_RECURSION = YES;
				CLANG_WARN_INT_CONVERSION = YES;
				CLANG_WARN_NON_LITERAL_NULL_CONVERSION = YES;
				CLANG_WARN_OBJC_IMPLICIT_RETAIN_SELF = YES;
				CLANG_WARN_OBJC_LITERAL_CONVERSION = YES;
				CLANG_WARN_OBJC_ROOT_CLASS = YES_ERROR;
				CLANG_WARN_RANGE_LOOP_ANALYSIS = YES;
				CLANG_WARN_STRICT_PROTOTYPES = YES;
				CLANG_WARN_SUSPICIOUS_MOVE = YES;
				CLANG_WARN_UNGUARDED_AVAILABILITY = YES_AGGRESSIVE;
				CLANG_WARN_UNREACHABLE_CODE = YES;
				CLANG_WARN__DUPLICATE_METHOD_MATCH = YES;
				CODE_SIGN_IDENTITY = "iPhone Developer";
				COPY_PHASE_STRIP = NO;
				DEBUG_INFORMATION_FORMAT = dwarf;
				ENABLE_STRICT_OBJC_MSGSEND = YES;
				ENABLE_TESTABILITY = YES;
				GCC_C_LANGUAGE_STANDARD = gnu11;
				GCC_DYNAMIC_NO_PIC = NO;
				GCC_NO_COMMON_BLOCKS = YES;
				GCC_OPTIMIZATION_LEVEL = 0;
				GCC_PREPROCESSOR_DEFINITIONS = (
					"DEBUG=1",
					"$(inherited)",
				);
				GCC_WARN_64_TO_32_BIT_CONVERSION = YES;
				GCC_WARN_ABOUT_RETURN_TYPE = YES_ERROR;
				GCC_WARN_UNDECLARED_SELECTOR = YES;
				GCC_WARN_UNINITIALIZED_AUTOS = YES_AGGRESSIVE;
				GCC_WARN_UNUSED_FUNCTION = YES;
				GCC_WARN_UNUSED_VARIABLE = YES;
				IPHONEOS_DEPLOYMENT_TARGET = 11.3;
				MTL_ENABLE_DEBUG_INFO = YES;
				ONLY_ACTIVE_ARCH = YES;
				SDKROOT = iphoneos;
				SWIFT_ACTIVE_COMPILATION_CONDITIONS = DEBUG;
				SWIFT_OPTIMIZATION_LEVEL = "-Onone";
			};
			name = Debug;
		};
		10BB42E4209E51BE005CA688 /* Release */ = {
			isa = XCBuildConfiguration;
			buildSettings = {
				ALWAYS_SEARCH_USER_PATHS = NO;
				CLANG_ANALYZER_NONNULL = YES;
				CLANG_ANALYZER_NUMBER_OBJECT_CONVERSION = YES_AGGRESSIVE;
				CLANG_CXX_LANGUAGE_STANDARD = "gnu++14";
				CLANG_CXX_LIBRARY = "libc++";
				CLANG_ENABLE_MODULES = YES;
				CLANG_ENABLE_OBJC_ARC = YES;
				CLANG_ENABLE_OBJC_WEAK = YES;
				CLANG_WARN_BLOCK_CAPTURE_AUTORELEASING = YES;
				CLANG_WARN_BOOL_CONVERSION = YES;
				CLANG_WARN_COMMA = YES;
				CLANG_WARN_CONSTANT_CONVERSION = YES;
				CLANG_WARN_DEPRECATED_OBJC_IMPLEMENTATIONS = YES;
				CLANG_WARN_DIRECT_OBJC_ISA_USAGE = YES_ERROR;
				CLANG_WARN_DOCUMENTATION_COMMENTS = YES;
				CLANG_WARN_EMPTY_BODY = YES;
				CLANG_WARN_ENUM_CONVERSION = YES;
				CLANG_WARN_INFINITE_RECURSION = YES;
				CLANG_WARN_INT_CONVERSION = YES;
				CLANG_WARN_NON_LITERAL_NULL_CONVERSION = YES;
				CLANG_WARN_OBJC_IMPLICIT_RETAIN_SELF = YES;
				CLANG_WARN_OBJC_LITERAL_CONVERSION = YES;
				CLANG_WARN_OBJC_ROOT_CLASS = YES_ERROR;
				CLANG_WARN_RANGE_LOOP_ANALYSIS = YES;
				CLANG_WARN_STRICT_PROTOTYPES = YES;
				CLANG_WARN_SUSPICIOUS_MOVE = YES;
				CLANG_WARN_UNGUARDED_AVAILABILITY = YES_AGGRESSIVE;
				CLANG_WARN_UNREACHABLE_CODE = YES;
				CLANG_WARN__DUPLICATE_METHOD_MATCH = YES;
				CODE_SIGN_IDENTITY = "iPhone Developer";
				COPY_PHASE_STRIP = NO;
				DEBUG_INFORMATION_FORMAT = "dwarf-with-dsym";
				ENABLE_NS_ASSERTIONS = NO;
				ENABLE_STRICT_OBJC_MSGSEND = YES;
				GCC_C_LANGUAGE_STANDARD = gnu11;
				GCC_NO_COMMON_BLOCKS = YES;
				GCC_WARN_64_TO_32_BIT_CONVERSION = YES;
				GCC_WARN_ABOUT_RETURN_TYPE = YES_ERROR;
				GCC_WARN_UNDECLARED_SELECTOR = YES;
				GCC_WARN_UNINITIALIZED_AUTOS = YES_AGGRESSIVE;
				GCC_WARN_UNUSED_FUNCTION = YES;
				GCC_WARN_UNUSED_VARIABLE = YES;
				IPHONEOS_DEPLOYMENT_TARGET = 11.3;
				MTL_ENABLE_DEBUG_INFO = NO;
				SDKROOT = iphoneos;
				SWIFT_COMPILATION_MODE = wholemodule;
				SWIFT_OPTIMIZATION_LEVEL = "-O";
				VALIDATE_PRODUCT = YES;
			};
			name = Release;
		};
		10BB42E6209E51BE005CA688 /* Debug */ = {
			isa = XCBuildConfiguration;
			buildSettings = {
				ASSETCATALOG_COMPILER_APPICON_NAME = AppIcon;
				CODE_SIGN_STYLE = Automatic;
				DEVELOPMENT_TEAM = 3988969QQJ;
				INFOPLIST_FILE = FlickrApp/Info.plist;
				LD_RUNPATH_SEARCH_PATHS = (
					"$(inherited)",
					"@executable_path/Frameworks",
				);
				PRODUCT_BUNDLE_IDENTIFIER = com.davidvallas.FlickrApp;
				PRODUCT_NAME = "$(TARGET_NAME)";
				SWIFT_VERSION = 4.0;
				TARGETED_DEVICE_FAMILY = "1,2";
			};
			name = Debug;
		};
		10BB42E7209E51BE005CA688 /* Release */ = {
			isa = XCBuildConfiguration;
			buildSettings = {
				ASSETCATALOG_COMPILER_APPICON_NAME = AppIcon;
				CODE_SIGN_STYLE = Automatic;
				DEVELOPMENT_TEAM = 3988969QQJ;
				INFOPLIST_FILE = FlickrApp/Info.plist;
				LD_RUNPATH_SEARCH_PATHS = (
					"$(inherited)",
					"@executable_path/Frameworks",
				);
				PRODUCT_BUNDLE_IDENTIFIER = com.davidvallas.FlickrApp;
				PRODUCT_NAME = "$(TARGET_NAME)";
				SWIFT_VERSION = 4.0;
				TARGETED_DEVICE_FAMILY = "1,2";
			};
			name = Release;
		};
		10BB42E9209E51BE005CA688 /* Debug */ = {
			isa = XCBuildConfiguration;
			buildSettings = {
				ALWAYS_EMBED_SWIFT_STANDARD_LIBRARIES = YES;
				BUNDLE_LOADER = "$(TEST_HOST)";
				CODE_SIGN_STYLE = Automatic;
				DEVELOPMENT_TEAM = 3988969QQJ;
				INFOPLIST_FILE = FlickrAppTests/Info.plist;
				LD_RUNPATH_SEARCH_PATHS = (
					"$(inherited)",
					"@executable_path/Frameworks",
					"@loader_path/Frameworks",
				);
				PRODUCT_BUNDLE_IDENTIFIER = com.davidvallas.FlickrAppTests;
				PRODUCT_NAME = "$(TARGET_NAME)";
				SWIFT_VERSION = 4.0;
				TARGETED_DEVICE_FAMILY = "1,2";
				TEST_HOST = "$(BUILT_PRODUCTS_DIR)/FlickrApp.app/FlickrApp";
			};
			name = Debug;
		};
		10BB42EA209E51BE005CA688 /* Release */ = {
			isa = XCBuildConfiguration;
			buildSettings = {
				ALWAYS_EMBED_SWIFT_STANDARD_LIBRARIES = YES;
				BUNDLE_LOADER = "$(TEST_HOST)";
				CODE_SIGN_STYLE = Automatic;
				DEVELOPMENT_TEAM = 3988969QQJ;
				INFOPLIST_FILE = FlickrAppTests/Info.plist;
				LD_RUNPATH_SEARCH_PATHS = (
					"$(inherited)",
					"@executable_path/Frameworks",
					"@loader_path/Frameworks",
				);
				PRODUCT_BUNDLE_IDENTIFIER = com.davidvallas.FlickrAppTests;
				PRODUCT_NAME = "$(TARGET_NAME)";
				SWIFT_VERSION = 4.0;
				TARGETED_DEVICE_FAMILY = "1,2";
				TEST_HOST = "$(BUILT_PRODUCTS_DIR)/FlickrApp.app/FlickrApp";
			};
			name = Release;
		};
		10BB42EC209E51BE005CA688 /* Debug */ = {
			isa = XCBuildConfiguration;
			buildSettings = {
				ALWAYS_EMBED_SWIFT_STANDARD_LIBRARIES = YES;
				CODE_SIGN_STYLE = Automatic;
				DEVELOPMENT_TEAM = 3988969QQJ;
				INFOPLIST_FILE = FlickrAppUITests/Info.plist;
				LD_RUNPATH_SEARCH_PATHS = (
					"$(inherited)",
					"@executable_path/Frameworks",
					"@loader_path/Frameworks",
				);
				PRODUCT_BUNDLE_IDENTIFIER = com.davidvallas.FlickrAppUITests;
				PRODUCT_NAME = "$(TARGET_NAME)";
				SWIFT_VERSION = 4.0;
				TARGETED_DEVICE_FAMILY = "1,2";
				TEST_TARGET_NAME = FlickrApp;
			};
			name = Debug;
		};
		10BB42ED209E51BE005CA688 /* Release */ = {
			isa = XCBuildConfiguration;
			buildSettings = {
				ALWAYS_EMBED_SWIFT_STANDARD_LIBRARIES = YES;
				CODE_SIGN_STYLE = Automatic;
				DEVELOPMENT_TEAM = 3988969QQJ;
				INFOPLIST_FILE = FlickrAppUITests/Info.plist;
				LD_RUNPATH_SEARCH_PATHS = (
					"$(inherited)",
					"@executable_path/Frameworks",
					"@loader_path/Frameworks",
				);
				PRODUCT_BUNDLE_IDENTIFIER = com.davidvallas.FlickrAppUITests;
				PRODUCT_NAME = "$(TARGET_NAME)";
				SWIFT_VERSION = 4.0;
				TARGETED_DEVICE_FAMILY = "1,2";
				TEST_TARGET_NAME = FlickrApp;
			};
			name = Release;
		};
/* End XCBuildConfiguration section */

/* Begin XCConfigurationList section */
		10BB42B8209E51BC005CA688 /* Build configuration list for PBXProject "FlickrApp" */ = {
			isa = XCConfigurationList;
			buildConfigurations = (
				10BB42E3209E51BE005CA688 /* Debug */,
				10BB42E4209E51BE005CA688 /* Release */,
			);
			defaultConfigurationIsVisible = 0;
			defaultConfigurationName = Release;
		};
		10BB42E5209E51BE005CA688 /* Build configuration list for PBXNativeTarget "FlickrApp" */ = {
			isa = XCConfigurationList;
			buildConfigurations = (
				10BB42E6209E51BE005CA688 /* Debug */,
				10BB42E7209E51BE005CA688 /* Release */,
			);
			defaultConfigurationIsVisible = 0;
			defaultConfigurationName = Release;
		};
		10BB42E8209E51BE005CA688 /* Build configuration list for PBXNativeTarget "FlickrAppTests" */ = {
			isa = XCConfigurationList;
			buildConfigurations = (
				10BB42E9209E51BE005CA688 /* Debug */,
				10BB42EA209E51BE005CA688 /* Release */,
			);
			defaultConfigurationIsVisible = 0;
			defaultConfigurationName = Release;
		};
		10BB42EB209E51BE005CA688 /* Build configuration list for PBXNativeTarget "FlickrAppUITests" */ = {
			isa = XCConfigurationList;
			buildConfigurations = (
				10BB42EC209E51BE005CA688 /* Debug */,
				10BB42ED209E51BE005CA688 /* Release */,
			);
			defaultConfigurationIsVisible = 0;
			defaultConfigurationName = Release;
		};
/* End XCConfigurationList section */
	};
	rootObject = 10BB42B5209E51BC005CA688 /* Project object */;
}
